// !$*UTF8*$!
{
	archiveVersion = 1;
	classes = {
	};
	objectVersion = 56;
	objects = {

/* Begin PBXBuildFile section */
		F3A233412BAD838600180FEF /* AppDelegate.swift in Sources */ = {isa = PBXBuildFile; fileRef = F3A233402BAD838600180FEF /* AppDelegate.swift */; };
		F3A233432BAD838600180FEF /* SceneDelegate.swift in Sources */ = {isa = PBXBuildFile; fileRef = F3A233422BAD838600180FEF /* SceneDelegate.swift */; };
		F3A233452BAD838600180FEF /* ViewController.swift in Sources */ = {isa = PBXBuildFile; fileRef = F3A233442BAD838600180FEF /* ViewController.swift */; };
		F3A233482BAD838600180FEF /* Main.storyboard in Resources */ = {isa = PBXBuildFile; fileRef = F3A233462BAD838600180FEF /* Main.storyboard */; };
		F3A2334A2BAD838700180FEF /* Assets.xcassets in Resources */ = {isa = PBXBuildFile; fileRef = F3A233492BAD838700180FEF /* Assets.xcassets */; };
		F3A2334D2BAD838700180FEF /* LaunchScreen.storyboard in Resources */ = {isa = PBXBuildFile; fileRef = F3A2334B2BAD838700180FEF /* LaunchScreen.storyboard */; };
		F3A233562BAD85C000180FEF /* DetailsViewController.swift in Sources */ = {isa = PBXBuildFile; fileRef = F3A233542BAD85C000180FEF /* DetailsViewController.swift */; };
		F3A233572BAD85C000180FEF /* DetailsViewController.xib in Resources */ = {isa = PBXBuildFile; fileRef = F3A233552BAD85C000180FEF /* DetailsViewController.xib */; };
		F3A2335A2BAD882C00180FEF /* NotifyTableViewCell.swift in Sources */ = {isa = PBXBuildFile; fileRef = F3A233582BAD882C00180FEF /* NotifyTableViewCell.swift */; };
		F3A2335B2BAD882C00180FEF /* NotifyTableViewCell.xib in Resources */ = {isa = PBXBuildFile; fileRef = F3A233592BAD882C00180FEF /* NotifyTableViewCell.xib */; };
/* End PBXBuildFile section */

/* Begin PBXFileReference section */
		F3A2333D2BAD838600180FEF /* DigitalFlake.app */ = {isa = PBXFileReference; explicitFileType = wrapper.application; includeInIndex = 0; path = DigitalFlake.app; sourceTree = BUILT_PRODUCTS_DIR; };
		F3A233402BAD838600180FEF /* AppDelegate.swift */ = {isa = PBXFileReference; lastKnownFileType = sourcecode.swift; path = AppDelegate.swift; sourceTree = "<group>"; };
		F3A233422BAD838600180FEF /* SceneDelegate.swift */ = {isa = PBXFileReference; lastKnownFileType = sourcecode.swift; path = SceneDelegate.swift; sourceTree = "<group>"; };
		F3A233442BAD838600180FEF /* ViewController.swift */ = {isa = PBXFileReference; lastKnownFileType = sourcecode.swift; path = ViewController.swift; sourceTree = "<group>"; };
		F3A233472BAD838600180FEF /* Base */ = {isa = PBXFileReference; lastKnownFileType = file.storyboard; name = Base; path = Base.lproj/Main.storyboard; sourceTree = "<group>"; };
		F3A233492BAD838700180FEF /* Assets.xcassets */ = {isa = PBXFileReference; lastKnownFileType = folder.assetcatalog; path = Assets.xcassets; sourceTree = "<group>"; };
		F3A2334C2BAD838700180FEF /* Base */ = {isa = PBXFileReference; lastKnownFileType = file.storyboard; name = Base; path = Base.lproj/LaunchScreen.storyboard; sourceTree = "<group>"; };
		F3A2334E2BAD838700180FEF /* Info.plist */ = {isa = PBXFileReference; lastKnownFileType = text.plist.xml; path = Info.plist; sourceTree = "<group>"; };
		F3A233542BAD85C000180FEF /* DetailsViewController.swift */ = {isa = PBXFileReference; lastKnownFileType = sourcecode.swift; path = DetailsViewController.swift; sourceTree = "<group>"; };
		F3A233552BAD85C000180FEF /* DetailsViewController.xib */ = {isa = PBXFileReference; lastKnownFileType = file.xib; path = DetailsViewController.xib; sourceTree = "<group>"; };
		F3A233582BAD882C00180FEF /* NotifyTableViewCell.swift */ = {isa = PBXFileReference; lastKnownFileType = sourcecode.swift; path = NotifyTableViewCell.swift; sourceTree = "<group>"; };
		F3A233592BAD882C00180FEF /* NotifyTableViewCell.xib */ = {isa = PBXFileReference; lastKnownFileType = file.xib; path = NotifyTableViewCell.xib; sourceTree = "<group>"; };
/* End PBXFileReference section */

/* Begin PBXFrameworksBuildPhase section */
		F3A2333A2BAD838600180FEF /* Frameworks */ = {
			isa = PBXFrameworksBuildPhase;
			buildActionMask = 2147483647;
			files = (
			);
			runOnlyForDeploymentPostprocessing = 0;
		};
/* End PBXFrameworksBuildPhase section */

/* Begin PBXGroup section */
		F3A233342BAD838600180FEF = {
			isa = PBXGroup;
			children = (
				F3A2333F2BAD838600180FEF /* DigitalFlake */,
				F3A2333E2BAD838600180FEF /* Products */,
			);
			sourceTree = "<group>";
		};
		F3A2333E2BAD838600180FEF /* Products */ = {
			isa = PBXGroup;
			children = (
				F3A2333D2BAD838600180FEF /* DigitalFlake.app */,
			);
			name = Products;
			sourceTree = "<group>";
		};
		F3A2333F2BAD838600180FEF /* DigitalFlake */ = {
			isa = PBXGroup;
			children = (
				F3A233402BAD838600180FEF /* AppDelegate.swift */,
				F3A233422BAD838600180FEF /* SceneDelegate.swift */,
				F3A233442BAD838600180FEF /* ViewController.swift */,
				F3A233462BAD838600180FEF /* Main.storyboard */,
				F3A233492BAD838700180FEF /* Assets.xcassets */,
				F3A2334B2BAD838700180FEF /* LaunchScreen.storyboard */,
				F3A2334E2BAD838700180FEF /* Info.plist */,
				F3A233542BAD85C000180FEF /* DetailsViewController.swift */,
				F3A233552BAD85C000180FEF /* DetailsViewController.xib */,
				F3A233582BAD882C00180FEF /* NotifyTableViewCell.swift */,
				F3A233592BAD882C00180FEF /* NotifyTableViewCell.xib */,
			);
			path = DigitalFlake;
			sourceTree = "<group>";
		};
/* End PBXGroup section */

/* Begin PBXNativeTarget section */
		F3A2333C2BAD838600180FEF /* DigitalFlake */ = {
			isa = PBXNativeTarget;
			buildConfigurationList = F3A233512BAD838700180FEF /* Build configuration list for PBXNativeTarget "DigitalFlake" */;
			buildPhases = (
				F3A233392BAD838600180FEF /* Sources */,
				F3A2333A2BAD838600180FEF /* Frameworks */,
				F3A2333B2BAD838600180FEF /* Resources */,
			);
			buildRules = (
			);
			dependencies = (
			);
			name = DigitalFlake;
			productName = DigitalFlake;
			productReference = F3A2333D2BAD838600180FEF /* DigitalFlake.app */;
			productType = "com.apple.product-type.application";
		};
/* End PBXNativeTarget section */

/* Begin PBXProject section */
		F3A233352BAD838600180FEF /* Project object */ = {
			isa = PBXProject;
			attributes = {
				BuildIndependentTargetsInParallel = 1;
				LastSwiftUpdateCheck = 1430;
				LastUpgradeCheck = 1430;
				TargetAttributes = {
					F3A2333C2BAD838600180FEF = {
						CreatedOnToolsVersion = 14.3.1;
					};
				};
			};
			buildConfigurationList = F3A233382BAD838600180FEF /* Build configuration list for PBXProject "DigitalFlake" */;
			compatibilityVersion = "Xcode 14.0";
			developmentRegion = en;
			hasScannedForEncodings = 0;
			knownRegions = (
				en,
				Base,
			);
			mainGroup = F3A233342BAD838600180FEF;
			productRefGroup = F3A2333E2BAD838600180FEF /* Products */;
			projectDirPath = "";
			projectRoot = "";
			targets = (
				F3A2333C2BAD838600180FEF /* DigitalFlake */,
			);
		};
/* End PBXProject section */

/* Begin PBXResourcesBuildPhase section */
		F3A2333B2BAD838600180FEF /* Resources */ = {
			isa = PBXResourcesBuildPhase;
			buildActionMask = 2147483647;
			files = (
				F3A2334D2BAD838700180FEF /* LaunchScreen.storyboard in Resources */,
				F3A2335B2BAD882C00180FEF /* NotifyTableViewCell.xib in Resources */,
				F3A2334A2BAD838700180FEF /* Assets.xcassets in Resources */,
				F3A233482BAD838600180FEF /* Main.storyboard in Resources */,
				F3A233572BAD85C000180FEF /* DetailsViewController.xib in Resources */,
			);
			runOnlyForDeploymentPostprocessing = 0;
		};
/* End PBXResourcesBuildPhase section */

/* Begin PBXSourcesBuildPhase section */
		F3A233392BAD838600180FEF /* Sources */ = {
			isa = PBXSourcesBuildPhase;
			buildActionMask = 2147483647;
			files = (
				F3A233452BAD838600180FEF /* ViewController.swift in Sources */,
				F3A2335A2BAD882C00180FEF /* NotifyTableViewCell.swift in Sources */,
				F3A233412BAD838600180FEF /* AppDelegate.swift in Sources */,
				F3A233432BAD838600180FEF /* SceneDelegate.swift in Sources */,
				F3A233562BAD85C000180FEF /* DetailsViewController.swift in Sources */,
			);
			runOnlyForDeploymentPostprocessing = 0;
		};
/* End PBXSourcesBuildPhase section */

/* Begin PBXVariantGroup section */
		F3A233462BAD838600180FEF /* Main.storyboard */ = {
			isa = PBXVariantGroup;
			children = (
				F3A233472BAD838600180FEF /* Base */,
			);
			name = Main.storyboard;
			sourceTree = "<group>";
		};
		F3A2334B2BAD838700180FEF /* LaunchScreen.storyboard */ = {
			isa = PBXVariantGroup;
			children = (
				F3A2334C2BAD838700180FEF /* Base */,
			);
			name = LaunchScreen.storyboard;
			sourceTree = "<group>";
		};
/* End PBXVariantGroup section */

/* Begin XCBuildConfiguration section */
		F3A2334F2BAD838700180FEF /* Debug */ = {
			isa = XCBuildConfiguration;
			buildSettings = {
				ALWAYS_SEARCH_USER_PATHS = NO;
				CLANG_ANALYZER_NONNULL = YES;
				CLANG_ANALYZER_NUMBER_OBJECT_CONVERSION = YES_AGGRESSIVE;
				CLANG_CXX_LANGUAGE_STANDARD = "gnu++20";
				CLANG_ENABLE_MODULES = YES;
				CLANG_ENABLE_OBJC_ARC = YES;
				CLANG_ENABLE_OBJC_WEAK = YES;
				CLANG_WARN_BLOCK_CAPTURE_AUTORELEASING = YES;
				CLANG_WARN_BOOL_CONVERSION = YES;
				CLANG_WARN_COMMA = YES;
				CLANG_WARN_CONSTANT_CONVERSION = YES;
				CLANG_WARN_DEPRECATED_OBJC_IMPLEMENTATIONS = YES;
				CLANG_WARN_DIRECT_OBJC_ISA_USAGE = YES_ERROR;
				CLANG_WARN_DOCUMENTATION_COMMENTS = YES;
				CLANG_WARN_EMPTY_BODY = YES;
				CLANG_WARN_ENUM_CONVERSION = YES;
				CLANG_WARN_INFINITE_RECURSION = YES;
				CLANG_WARN_INT_CONVERSION = YES;
				CLANG_WARN_NON_LITERAL_NULL_CONVERSION = YES;
				CLANG_WARN_OBJC_IMPLICIT_RETAIN_SELF = YES;
				CLANG_WARN_OBJC_LITERAL_CONVERSION = YES;
				CLANG_WARN_OBJC_ROOT_CLASS = YES_ERROR;
				CLANG_WARN_QUOTED_INCLUDE_IN_FRAMEWORK_HEADER = YES;
				CLANG_WARN_RANGE_LOOP_ANALYSIS = YES;
				CLANG_WARN_STRICT_PROTOTYPES = YES;
				CLANG_WARN_SUSPICIOUS_MOVE = YES;
				CLANG_WARN_UNGUARDED_AVAILABILITY = YES_AGGRESSIVE;
				CLANG_WARN_UNREACHABLE_CODE = YES;
				CLANG_WARN__DUPLICATE_METHOD_MATCH = YES;
				COPY_PHASE_STRIP = NO;
				DEBUG_INFORMATION_FORMAT = dwarf;
				ENABLE_STRICT_OBJC_MSGSEND = YES;
				ENABLE_TESTABILITY = YES;
				GCC_C_LANGUAGE_STANDARD = gnu11;
				GCC_DYNAMIC_NO_PIC = NO;
				GCC_NO_COMMON_BLOCKS = YES;
				GCC_OPTIMIZATION_LEVEL = 0;
				GCC_PREPROCESSOR_DEFINITIONS = (
					"DEBUG=1",
					"$(inherited)",
				);
				GCC_WARN_64_TO_32_BIT_CONVERSION = YES;
				GCC_WARN_ABOUT_RETURN_TYPE = YES_ERROR;
				GCC_WARN_UNDECLARED_SELECTOR = YES;
				GCC_WARN_UNINITIALIZED_AUTOS = YES_AGGRESSIVE;
				GCC_WARN_UNUSED_FUNCTION = YES;
				GCC_WARN_UNUSED_VARIABLE = YES;
				IPHONEOS_DEPLOYMENT_TARGET = 16.4;
				MTL_ENABLE_DEBUG_INFO = INCLUDE_SOURCE;
				MTL_FAST_MATH = YES;
				ONLY_ACTIVE_ARCH = YES;
				SDKROOT = iphoneos;
				SWIFT_ACTIVE_COMPILATION_CONDITIONS = DEBUG;
				SWIFT_OPTIMIZATION_LEVEL = "-Onone";
			};
			name = Debug;
		};
		F3A233502BAD838700180FEF /* Release */ = {
			isa = XCBuildConfiguration;
			buildSettings = {
				ALWAYS_SEARCH_USER_PATHS = NO;
				CLANG_ANALYZER_NONNULL = YES;
				CLANG_ANALYZER_NUMBER_OBJECT_CONVERSION = YES_AGGRESSIVE;
				CLANG_CXX_LANGUAGE_STANDARD = "gnu++20";
				CLANG_ENABLE_MODULES = YES;
				CLANG_ENABLE_OBJC_ARC = YES;
				CLANG_ENABLE_OBJC_WEAK = YES;
				CLANG_WARN_BLOCK_CAPTURE_AUTORELEASING = YES;
				CLANG_WARN_BOOL_CONVERSION = YES;
				CLANG_WARN_COMMA = YES;
				CLANG_WARN_CONSTANT_CONVERSION = YES;
				CLANG_WARN_DEPRECATED_OBJC_IMPLEMENTATIONS = YES;
				CLANG_WARN_DIRECT_OBJC_ISA_USAGE = YES_ERROR;
				CLANG_WARN_DOCUMENTATION_COMMENTS = YES;
				CLANG_WARN_EMPTY_BODY = YES;
				CLANG_WARN_ENUM_CONVERSION = YES;
				CLANG_WARN_INFINITE_RECURSION = YES;
				CLANG_WARN_INT_CONVERSION = YES;
				CLANG_WARN_NON_LITERAL_NULL_CONVERSION = YES;
				CLANG_WARN_OBJC_IMPLICIT_RETAIN_SELF = YES;
				CLANG_WARN_OBJC_LITERAL_CONVERSION = YES;
				CLANG_WARN_OBJC_ROOT_CLASS = YES_ERROR;
				CLANG_WARN_QUOTED_INCLUDE_IN_FRAMEWORK_HEADER = YES;
				CLANG_WARN_RANGE_LOOP_ANALYSIS = YES;
				CLANG_WARN_STRICT_PROTOTYPES = YES;
				CLANG_WARN_SUSPICIOUS_MOVE = YES;
				CLANG_WARN_UNGUARDED_AVAILABILITY = YES_AGGRESSIVE;
				CLANG_WARN_UNREACHABLE_CODE = YES;
				CLANG_WARN__DUPLICATE_METHOD_MATCH = YES;
				COPY_PHASE_STRIP = NO;
				DEBUG_INFORMATION_FORMAT = "dwarf-with-dsym";
				ENABLE_NS_ASSERTIONS = NO;
				ENABLE_STRICT_OBJC_MSGSEND = YES;
				GCC_C_LANGUAGE_STANDARD = gnu11;
				GCC_NO_COMMON_BLOCKS = YES;
				GCC_WARN_64_TO_32_BIT_CONVERSION = YES;
				GCC_WARN_ABOUT_RETURN_TYPE = YES_ERROR;
				GCC_WARN_UNDECLARED_SELECTOR = YES;
				GCC_WARN_UNINITIALIZED_AUTOS = YES_AGGRESSIVE;
				GCC_WARN_UNUSED_FUNCTION = YES;
				GCC_WARN_UNUSED_VARIABLE = YES;
				IPHONEOS_DEPLOYMENT_TARGET = 16.4;
				MTL_ENABLE_DEBUG_INFO = NO;
				MTL_FAST_MATH = YES;
				SDKROOT = iphoneos;
				SWIFT_COMPILATION_MODE = wholemodule;
				SWIFT_OPTIMIZATION_LEVEL = "-O";
				VALIDATE_PRODUCT = YES;
			};
			name = Release;
		};
		F3A233522BAD838700180FEF /* Debug */ = {
			isa = XCBuildConfiguration;
			buildSettings = {
				ASSETCATALOG_COMPILER_APPICON_NAME = AppIcon;
				ASSETCATALOG_COMPILER_GLOBAL_ACCENT_COLOR_NAME = AccentColor;
				CODE_SIGN_STYLE = Automatic;
				CURRENT_PROJECT_VERSION = 1;
				GENERATE_INFOPLIST_FILE = YES;
				INFOPLIST_FILE = DigitalFlake/Info.plist;
				INFOPLIST_KEY_UIApplicationSupportsIndirectInputEvents = YES;
				INFOPLIST_KEY_UILaunchStoryboardName = LaunchScreen;
				INFOPLIST_KEY_UIMainStoryboardFile = Main;
				INFOPLIST_KEY_UISupportedInterfaceOrientations_iPad = "UIInterfaceOrientationPortrait UIInterfaceOrientationPortraitUpsideDown UIInterfaceOrientationLandscapeLeft UIInterfaceOrientationLandscapeRight";
				INFOPLIST_KEY_UISupportedInterfaceOrientations_iPhone = "UIInterfaceOrientationPortrait UIInterfaceOrientationLandscapeLeft UIInterfaceOrientationLandscapeRight";
				LD_RUNPATH_SEARCH_PATHS = (
					"$(inherited)",
					"@executable_path/Frameworks",
				);
				MARKETING_VERSION = 1.0;
				PRODUCT_BUNDLE_IDENTIFIER = com.mycompany.DigitalFlake;
				PRODUCT_NAME = "$(TARGET_NAME)";
				SWIFT_EMIT_LOC_STRINGS = YES;
				SWIFT_VERSION = 5.0;
				TARGETED_DEVICE_FAMILY = "1,2";
			};
			name = Debug;
		};
		F3A233532BAD838700180FEF /* Release */ = {
			isa = XCBuildConfiguration;
			buildSettings = {
				ASSETCATALOG_COMPILER_APPICON_NAME = AppIcon;
				ASSETCATALOG_COMPILER_GLOBAL_ACCENT_COLOR_NAME = AccentColor;
				CODE_SIGN_STYLE = Automatic;
				CURRENT_PROJECT_VERSION = 1;
				GENERATE_INFOPLIST_FILE = YES;
				INFOPLIST_FILE = DigitalFlake/Info.plist;
				INFOPLIST_KEY_UIApplicationSupportsIndirectInputEvents = YES;
				INFOPLIST_KEY_UILaunchStoryboardName = LaunchScreen;
				INFOPLIST_KEY_UIMainStoryboardFile = Main;
				INFOPLIST_KEY_UISupportedInterfaceOrientations_iPad = "UIInterfaceOrientationPortrait UIInterfaceOrientationPortraitUpsideDown UIInterfaceOrientationLandscapeLeft UIInterfaceOrientationLandscapeRight";
				INFOPLIST_KEY_UISupportedInterfaceOrientations_iPhone = "UIInterfaceOrientationPortrait UIInterfaceOrientationLandscapeLeft UIInterfaceOrientationLandscapeRight";
				LD_RUNPATH_SEARCH_PATHS = (
					"$(inherited)",
					"@executable_path/Frameworks",
				);
				MARKETING_VERSION = 1.0;
				PRODUCT_BUNDLE_IDENTIFIER = com.mycompany.DigitalFlake;
				PRODUCT_NAME = "$(TARGET_NAME)";
				SWIFT_EMIT_LOC_STRINGS = YES;
				SWIFT_VERSION = 5.0;
				TARGETED_DEVICE_FAMILY = "1,2";
			};
			name = Release;
		};
/* End XCBuildConfiguration section */

/* Begin XCConfigurationList section */
		F3A233382BAD838600180FEF /* Build configuration list for PBXProject "DigitalFlake" */ = {
			isa = XCConfigurationList;
			buildConfigurations = (
				F3A2334F2BAD838700180FEF /* Debug */,
				F3A233502BAD838700180FEF /* Release */,
			);
			defaultConfigurationIsVisible = 0;
			defaultConfigurationName = Release;
		};
		F3A233512BAD838700180FEF /* Build configuration list for PBXNativeTarget "DigitalFlake" */ = {
			isa = XCConfigurationList;
			buildConfigurations = (
				F3A233522BAD838700180FEF /* Debug */,
				F3A233532BAD838700180FEF /* Release */,
			);
			defaultConfigurationIsVisible = 0;
			defaultConfigurationName = Release;
		};
/* End XCConfigurationList section */
	};
	rootObject = F3A233352BAD838600180FEF /* Project object */;
}
